// !$*UTF8*$!
{
	archiveVersion = 1;
	classes = {
	};
	objectVersion = 48;
	objects = {

/* Begin PBXBuildFile section */
		A7FA85CDE3DDC4C5A67326E2 /* Pods_SosyalMedya.framework in Frameworks */ = {isa = PBXBuildFile; fileRef = 883B62A466E080C5579F904E /* Pods_SosyalMedya.framework */; };
		B421B99D21314F7800ED5B43 /* GroupCell.swift in Sources */ = {isa = PBXBuildFile; fileRef = B421B99C21314F7800ED5B43 /* GroupCell.swift */; };
		B4544EC1212556D300D7F0FC /* DataService.swift in Sources */ = {isa = PBXBuildFile; fileRef = B4544EC0212556D300D7F0FC /* DataService.swift */; };
		B4544EC32125BC5100D7F0FC /* AuthVC.swift in Sources */ = {isa = PBXBuildFile; fileRef = B4544EC22125BC5100D7F0FC /* AuthVC.swift */; };
		B4544EC52125BD0900D7F0FC /* LoginVC.swift in Sources */ = {isa = PBXBuildFile; fileRef = B4544EC42125BD0900D7F0FC /* LoginVC.swift */; };
		B4544EC72125BDBE00D7F0FC /* InsetTextField.swift in Sources */ = {isa = PBXBuildFile; fileRef = B4544EC62125BDBE00D7F0FC /* InsetTextField.swift */; };
		B4544EC92125C61F00D7F0FC /* ShadowView.swift in Sources */ = {isa = PBXBuildFile; fileRef = B4544EC82125C61F00D7F0FC /* ShadowView.swift */; };
		B4544ECB2126860200D7F0FC /* AuthService.swift in Sources */ = {isa = PBXBuildFile; fileRef = B4544ECA2126860200D7F0FC /* AuthService.swift */; };
		B45A3BA4213442EE00D7F19A /* UIViewControllerExt.swift in Sources */ = {isa = PBXBuildFile; fileRef = B45A3BA3213442EE00D7F19A /* UIViewControllerExt.swift */; };
		B4A6CBC3212A9BC500D2A7AB /* UIViewExt.swift in Sources */ = {isa = PBXBuildFile; fileRef = B4A6CBC2212A9BC500D2A7AB /* UIViewExt.swift */; };
		B4A6CBC5212ADE2100D2A7AB /* FeedCell.swift in Sources */ = {isa = PBXBuildFile; fileRef = B4A6CBC4212ADE2100D2A7AB /* FeedCell.swift */; };
		B4A6CBC7212BD92900D2A7AB /* Message.swift in Sources */ = {isa = PBXBuildFile; fileRef = B4A6CBC6212BD92900D2A7AB /* Message.swift */; };
		B4A6CBCB212F176500D2A7AB /* CreateGroupsVC.swift in Sources */ = {isa = PBXBuildFile; fileRef = B4A6CBCA212F176500D2A7AB /* CreateGroupsVC.swift */; };
		B4A6CBCD212F318B00D2A7AB /* UserCell.swift in Sources */ = {isa = PBXBuildFile; fileRef = B4A6CBCC212F318B00D2A7AB /* UserCell.swift */; };
		B4BBB6C121295FFB00E487CF /* MeVC.swift in Sources */ = {isa = PBXBuildFile; fileRef = B4BBB6C021295FFB00E487CF /* MeVC.swift */; };
		B4BBB6C32129EFCA00E487CF /* CreatePostVC.swift in Sources */ = {isa = PBXBuildFile; fileRef = B4BBB6C22129EFCA00E487CF /* CreatePostVC.swift */; };
		B4EE72CA21251B5500669926 /* AppDelegate.swift in Sources */ = {isa = PBXBuildFile; fileRef = B4EE72C921251B5500669926 /* AppDelegate.swift */; };
		B4EE72CC21251B5500669926 /* FeedVC.swift in Sources */ = {isa = PBXBuildFile; fileRef = B4EE72CB21251B5500669926 /* FeedVC.swift */; };
		B4EE72CE21251B5500669926 /* GroupsVC.swift in Sources */ = {isa = PBXBuildFile; fileRef = B4EE72CD21251B5500669926 /* GroupsVC.swift */; };
		B4EE72D121251B5500669926 /* Main.storyboard in Resources */ = {isa = PBXBuildFile; fileRef = B4EE72CF21251B5500669926 /* Main.storyboard */; };
		B4EE72D321251B5500669926 /* Assets.xcassets in Resources */ = {isa = PBXBuildFile; fileRef = B4EE72D221251B5500669926 /* Assets.xcassets */; };
		B4EE72D621251B5500669926 /* LaunchScreen.storyboard in Resources */ = {isa = PBXBuildFile; fileRef = B4EE72D421251B5500669926 /* LaunchScreen.storyboard */; };
		B4EE72DE21251C0900669926 /* GoogleService-Info.plist in Resources */ = {isa = PBXBuildFile; fileRef = B4EE72DD21251C0900669926 /* GoogleService-Info.plist */; };
		B4F84DF8213163A9000855FB /* Group.swift in Sources */ = {isa = PBXBuildFile; fileRef = B4F84DF7213163A9000855FB /* Group.swift */; };
		B4F84DFA2131B1C2000855FB /* GroupFeedCell.swift in Sources */ = {isa = PBXBuildFile; fileRef = B4F84DF92131B1C2000855FB /* GroupFeedCell.swift */; };
		B4F84DFC2131B223000855FB /* GroupFeedVC.swift in Sources */ = {isa = PBXBuildFile; fileRef = B4F84DFB2131B223000855FB /* GroupFeedVC.swift */; };
/* End PBXBuildFile section */

/* Begin PBXFileReference section */
		45A506EE9F39647D86E238F3 /* Pods-SosyalMedya.release.xcconfig */ = {isa = PBXFileReference; includeInIndex = 1; lastKnownFileType = text.xcconfig; name = "Pods-SosyalMedya.release.xcconfig"; path = "Pods/Target Support Files/Pods-SosyalMedya/Pods-SosyalMedya.release.xcconfig"; sourceTree = "<group>"; };
		6A6A7F646FF2DC679E495AB1 /* Pods-SosyalMedya.debug.xcconfig */ = {isa = PBXFileReference; includeInIndex = 1; lastKnownFileType = text.xcconfig; name = "Pods-SosyalMedya.debug.xcconfig"; path = "Pods/Target Support Files/Pods-SosyalMedya/Pods-SosyalMedya.debug.xcconfig"; sourceTree = "<group>"; };
		883B62A466E080C5579F904E /* Pods_SosyalMedya.framework */ = {isa = PBXFileReference; explicitFileType = wrapper.framework; includeInIndex = 0; path = Pods_SosyalMedya.framework; sourceTree = BUILT_PRODUCTS_DIR; };
		B421B99C21314F7800ED5B43 /* GroupCell.swift */ = {isa = PBXFileReference; lastKnownFileType = sourcecode.swift; path = GroupCell.swift; sourceTree = "<group>"; };
		B4544EC0212556D300D7F0FC /* DataService.swift */ = {isa = PBXFileReference; lastKnownFileType = sourcecode.swift; path = DataService.swift; sourceTree = "<group>"; };
		B4544EC22125BC5100D7F0FC /* AuthVC.swift */ = {isa = PBXFileReference; lastKnownFileType = sourcecode.swift; path = AuthVC.swift; sourceTree = "<group>"; };
		B4544EC42125BD0900D7F0FC /* LoginVC.swift */ = {isa = PBXFileReference; lastKnownFileType = sourcecode.swift; path = LoginVC.swift; sourceTree = "<group>"; };
		B4544EC62125BDBE00D7F0FC /* InsetTextField.swift */ = {isa = PBXFileReference; lastKnownFileType = sourcecode.swift; path = InsetTextField.swift; sourceTree = "<group>"; };
		B4544EC82125C61F00D7F0FC /* ShadowView.swift */ = {isa = PBXFileReference; lastKnownFileType = sourcecode.swift; path = ShadowView.swift; sourceTree = "<group>"; };
		B4544ECA2126860200D7F0FC /* AuthService.swift */ = {isa = PBXFileReference; lastKnownFileType = sourcecode.swift; path = AuthService.swift; sourceTree = "<group>"; };
		B45A3BA3213442EE00D7F19A /* UIViewControllerExt.swift */ = {isa = PBXFileReference; lastKnownFileType = sourcecode.swift; path = UIViewControllerExt.swift; sourceTree = "<group>"; };
		B4A6CBC2212A9BC500D2A7AB /* UIViewExt.swift */ = {isa = PBXFileReference; lastKnownFileType = sourcecode.swift; path = UIViewExt.swift; sourceTree = "<group>"; };
		B4A6CBC4212ADE2100D2A7AB /* FeedCell.swift */ = {isa = PBXFileReference; lastKnownFileType = sourcecode.swift; path = FeedCell.swift; sourceTree = "<group>"; };
		B4A6CBC6212BD92900D2A7AB /* Message.swift */ = {isa = PBXFileReference; lastKnownFileType = sourcecode.swift; path = Message.swift; sourceTree = "<group>"; };
		B4A6CBCA212F176500D2A7AB /* CreateGroupsVC.swift */ = {isa = PBXFileReference; lastKnownFileType = sourcecode.swift; path = CreateGroupsVC.swift; sourceTree = "<group>"; };
		B4A6CBCC212F318B00D2A7AB /* UserCell.swift */ = {isa = PBXFileReference; lastKnownFileType = sourcecode.swift; path = UserCell.swift; sourceTree = "<group>"; };
		B4BBB6C021295FFB00E487CF /* MeVC.swift */ = {isa = PBXFileReference; lastKnownFileType = sourcecode.swift; path = MeVC.swift; sourceTree = "<group>"; };
		B4BBB6C22129EFCA00E487CF /* CreatePostVC.swift */ = {isa = PBXFileReference; lastKnownFileType = sourcecode.swift; path = CreatePostVC.swift; sourceTree = "<group>"; };
		B4EE72C621251B5500669926 /* SosyalMedya.app */ = {isa = PBXFileReference; explicitFileType = wrapper.application; includeInIndex = 0; path = SosyalMedya.app; sourceTree = BUILT_PRODUCTS_DIR; };
		B4EE72C921251B5500669926 /* AppDelegate.swift */ = {isa = PBXFileReference; lastKnownFileType = sourcecode.swift; path = AppDelegate.swift; sourceTree = "<group>"; };
		B4EE72CB21251B5500669926 /* FeedVC.swift */ = {isa = PBXFileReference; lastKnownFileType = sourcecode.swift; path = FeedVC.swift; sourceTree = "<group>"; };
		B4EE72CD21251B5500669926 /* GroupsVC.swift */ = {isa = PBXFileReference; lastKnownFileType = sourcecode.swift; path = GroupsVC.swift; sourceTree = "<group>"; };
		B4EE72D021251B5500669926 /* Base */ = {isa = PBXFileReference; lastKnownFileType = file.storyboard; name = Base; path = Base.lproj/Main.storyboard; sourceTree = "<group>"; };
		B4EE72D221251B5500669926 /* Assets.xcassets */ = {isa = PBXFileReference; lastKnownFileType = folder.assetcatalog; path = Assets.xcassets; sourceTree = "<group>"; };
		B4EE72D521251B5500669926 /* Base */ = {isa = PBXFileReference; lastKnownFileType = file.storyboard; name = Base; path = Base.lproj/LaunchScreen.storyboard; sourceTree = "<group>"; };
		B4EE72D721251B5500669926 /* Info.plist */ = {isa = PBXFileReference; lastKnownFileType = text.plist.xml; path = Info.plist; sourceTree = "<group>"; };
		B4EE72DD21251C0900669926 /* GoogleService-Info.plist */ = {isa = PBXFileReference; fileEncoding = 4; lastKnownFileType = text.plist.xml; path = "GoogleService-Info.plist"; sourceTree = "<group>"; };
		B4F84DF7213163A9000855FB /* Group.swift */ = {isa = PBXFileReference; lastKnownFileType = sourcecode.swift; path = Group.swift; sourceTree = "<group>"; };
		B4F84DF92131B1C2000855FB /* GroupFeedCell.swift */ = {isa = PBXFileReference; lastKnownFileType = sourcecode.swift; path = GroupFeedCell.swift; sourceTree = "<group>"; };
		B4F84DFB2131B223000855FB /* GroupFeedVC.swift */ = {isa = PBXFileReference; lastKnownFileType = sourcecode.swift; path = GroupFeedVC.swift; sourceTree = "<group>"; };
/* End PBXFileReference section */

/* Begin PBXFrameworksBuildPhase section */
		B4EE72C321251B5500669926 /* Frameworks */ = {
			isa = PBXFrameworksBuildPhase;
			buildActionMask = 2147483647;
			files = (
				A7FA85CDE3DDC4C5A67326E2 /* Pods_SosyalMedya.framework in Frameworks */,
			);
			runOnlyForDeploymentPostprocessing = 0;
		};
/* End PBXFrameworksBuildPhase section */

/* Begin PBXGroup section */
		6339C631C0756B7E9FBB1FDC /* Frameworks */ = {
			isa = PBXGroup;
			children = (
				883B62A466E080C5579F904E /* Pods_SosyalMedya.framework */,
			);
			name = Frameworks;
			sourceTree = "<group>";
		};
		7354EC0F409774C99ED4549A /* Pods */ = {
			isa = PBXGroup;
			children = (
				6A6A7F646FF2DC679E495AB1 /* Pods-SosyalMedya.debug.xcconfig */,
				45A506EE9F39647D86E238F3 /* Pods-SosyalMedya.release.xcconfig */,
			);
			name = Pods;
			sourceTree = "<group>";
		};
		B4544EBB2125568A00D7F0FC /* Controllers */ = {
			isa = PBXGroup;
			children = (
				B4EE72CD21251B5500669926 /* GroupsVC.swift */,
				B4EE72CB21251B5500669926 /* FeedVC.swift */,
				B4544EC22125BC5100D7F0FC /* AuthVC.swift */,
				B4544EC42125BD0900D7F0FC /* LoginVC.swift */,
				B4BBB6C021295FFB00E487CF /* MeVC.swift */,
				B4BBB6C22129EFCA00E487CF /* CreatePostVC.swift */,
				B4A6CBCA212F176500D2A7AB /* CreateGroupsVC.swift */,
				B4F84DFB2131B223000855FB /* GroupFeedVC.swift */,
			);
			path = Controllers;
			sourceTree = "<group>";
		};
		B4544EBC2125569400D7F0FC /* View */ = {
			isa = PBXGroup;
			children = (
				B4544EC62125BDBE00D7F0FC /* InsetTextField.swift */,
				B4544EC82125C61F00D7F0FC /* ShadowView.swift */,
				B4A6CBC4212ADE2100D2A7AB /* FeedCell.swift */,
				B4A6CBCC212F318B00D2A7AB /* UserCell.swift */,
				B421B99C21314F7800ED5B43 /* GroupCell.swift */,
				B4F84DF92131B1C2000855FB /* GroupFeedCell.swift */,
			);
			path = View;
			sourceTree = "<group>";
		};
		B4544EBD2125569D00D7F0FC /* Model */ = {
			isa = PBXGroup;
			children = (
				B4A6CBC6212BD92900D2A7AB /* Message.swift */,
				B4F84DF7213163A9000855FB /* Group.swift */,
			);
			path = Model;
			sourceTree = "<group>";
		};
		B4544EBE212556A500D7F0FC /* Extension */ = {
			isa = PBXGroup;
			children = (
				B4A6CBC2212A9BC500D2A7AB /* UIViewExt.swift */,
				B45A3BA3213442EE00D7F19A /* UIViewControllerExt.swift */,
			);
			path = Extension;
			sourceTree = "<group>";
		};
		B4544EBF212556B400D7F0FC /* Services */ = {
			isa = PBXGroup;
			children = (
				B4544EC0212556D300D7F0FC /* DataService.swift */,
				B4544ECA2126860200D7F0FC /* AuthService.swift */,
			);
			path = Services;
			sourceTree = "<group>";
		};
		B4EE72BD21251B5500669926 = {
			isa = PBXGroup;
			children = (
				B4EE72C821251B5500669926 /* SosyalMedya */,
				B4EE72C721251B5500669926 /* Products */,
				7354EC0F409774C99ED4549A /* Pods */,
				6339C631C0756B7E9FBB1FDC /* Frameworks */,
			);
			sourceTree = "<group>";
		};
		B4EE72C721251B5500669926 /* Products */ = {
			isa = PBXGroup;
			children = (
				B4EE72C621251B5500669926 /* SosyalMedya.app */,
			);
			name = Products;
			sourceTree = "<group>";
		};
		B4EE72C821251B5500669926 /* SosyalMedya */ = {
			isa = PBXGroup;
			children = (
				B4544EBF212556B400D7F0FC /* Services */,
				B4544EBE212556A500D7F0FC /* Extension */,
				B4544EBD2125569D00D7F0FC /* Model */,
				B4544EBC2125569400D7F0FC /* View */,
				B4544EBB2125568A00D7F0FC /* Controllers */,
				B4EE72C921251B5500669926 /* AppDelegate.swift */,
				B4EE72CF21251B5500669926 /* Main.storyboard */,
				B4EE72D221251B5500669926 /* Assets.xcassets */,
				B4EE72D421251B5500669926 /* LaunchScreen.storyboard */,
				B4EE72D721251B5500669926 /* Info.plist */,
				B4EE72DD21251C0900669926 /* GoogleService-Info.plist */,
			);
			path = SosyalMedya;
			sourceTree = "<group>";
		};
/* End PBXGroup section */

/* Begin PBXNativeTarget section */
		B4EE72C521251B5500669926 /* SosyalMedya */ = {
			isa = PBXNativeTarget;
			buildConfigurationList = B4EE72DA21251B5500669926 /* Build configuration list for PBXNativeTarget "SosyalMedya" */;
			buildPhases = (
				E565E11E1A135B7FAB4030C8 /* [CP] Check Pods Manifest.lock */,
				B4EE72C221251B5500669926 /* Sources */,
				B4EE72C321251B5500669926 /* Frameworks */,
				B4EE72C421251B5500669926 /* Resources */,
				A50FF39A25AE29FB44067E51 /* [CP] Embed Pods Frameworks */,
			);
			buildRules = (
			);
			dependencies = (
			);
			name = SosyalMedya;
			productName = SosyalMedya;
			productReference = B4EE72C621251B5500669926 /* SosyalMedya.app */;
			productType = "com.apple.product-type.application";
		};
/* End PBXNativeTarget section */

/* Begin PBXProject section */
		B4EE72BE21251B5500669926 /* Project object */ = {
			isa = PBXProject;
			attributes = {
				LastSwiftUpdateCheck = 0920;
				LastUpgradeCheck = 0920;
				ORGANIZATIONNAME = Demo;
				TargetAttributes = {
					B4EE72C521251B5500669926 = {
						CreatedOnToolsVersion = 9.2;
						ProvisioningStyle = Automatic;
					};
				};
			};
			buildConfigurationList = B4EE72C121251B5500669926 /* Build configuration list for PBXProject "SosyalMedya" */;
			compatibilityVersion = "Xcode 8.0";
			developmentRegion = en;
			hasScannedForEncodings = 0;
			knownRegions = (
				en,
				Base,
			);
			mainGroup = B4EE72BD21251B5500669926;
			productRefGroup = B4EE72C721251B5500669926 /* Products */;
			projectDirPath = "";
			projectRoot = "";
			targets = (
				B4EE72C521251B5500669926 /* SosyalMedya */,
			);
		};
/* End PBXProject section */

/* Begin PBXResourcesBuildPhase section */
		B4EE72C421251B5500669926 /* Resources */ = {
			isa = PBXResourcesBuildPhase;
			buildActionMask = 2147483647;
			files = (
				B4EE72D621251B5500669926 /* LaunchScreen.storyboard in Resources */,
				B4EE72DE21251C0900669926 /* GoogleService-Info.plist in Resources */,
				B4EE72D321251B5500669926 /* Assets.xcassets in Resources */,
				B4EE72D121251B5500669926 /* Main.storyboard in Resources */,
			);
			runOnlyForDeploymentPostprocessing = 0;
		};
/* End PBXResourcesBuildPhase section */

/* Begin PBXShellScriptBuildPhase section */
		A50FF39A25AE29FB44067E51 /* [CP] Embed Pods Frameworks */ = {
			isa = PBXShellScriptBuildPhase;
			buildActionMask = 2147483647;
			files = (
			);
			inputPaths = (
				"${SRCROOT}/Pods/Target Support Files/Pods-SosyalMedya/Pods-SosyalMedya-frameworks.sh",
				"${BUILT_PRODUCTS_DIR}/GTMSessionFetcher/GTMSessionFetcher.framework",
				"${BUILT_PRODUCTS_DIR}/GoogleToolboxForMac/GoogleToolboxForMac.framework",
				"${BUILT_PRODUCTS_DIR}/leveldb-library/leveldb.framework",
				"${BUILT_PRODUCTS_DIR}/nanopb/nanopb.framework",
			);
			name = "[CP] Embed Pods Frameworks";
			outputPaths = (
				"${TARGET_BUILD_DIR}/${FRAMEWORKS_FOLDER_PATH}/GTMSessionFetcher.framework",
				"${TARGET_BUILD_DIR}/${FRAMEWORKS_FOLDER_PATH}/GoogleToolboxForMac.framework",
				"${TARGET_BUILD_DIR}/${FRAMEWORKS_FOLDER_PATH}/leveldb.framework",
				"${TARGET_BUILD_DIR}/${FRAMEWORKS_FOLDER_PATH}/nanopb.framework",
			);
			runOnlyForDeploymentPostprocessing = 0;
			shellPath = /bin/sh;
			shellScript = "\"${SRCROOT}/Pods/Target Support Files/Pods-SosyalMedya/Pods-SosyalMedya-frameworks.sh\"\n";
			showEnvVarsInLog = 0;
		};
		E565E11E1A135B7FAB4030C8 /* [CP] Check Pods Manifest.lock */ = {
			isa = PBXShellScriptBuildPhase;
			buildActionMask = 2147483647;
			files = (
			);
			inputPaths = (
				"${PODS_PODFILE_DIR_PATH}/Podfile.lock",
				"${PODS_ROOT}/Manifest.lock",
			);
			name = "[CP] Check Pods Manifest.lock";
			outputPaths = (
				"$(DERIVED_FILE_DIR)/Pods-SosyalMedya-checkManifestLockResult.txt",
			);
			runOnlyForDeploymentPostprocessing = 0;
			shellPath = /bin/sh;
			shellScript = "diff \"${PODS_PODFILE_DIR_PATH}/Podfile.lock\" \"${PODS_ROOT}/Manifest.lock\" > /dev/null\nif [ $? != 0 ] ; then\n    # print error to STDERR\n    echo \"error: The sandbox is not in sync with the Podfile.lock. Run 'pod install' or update your CocoaPods installation.\" >&2\n    exit 1\nfi\n# This output is used by Xcode 'outputs' to avoid re-running this script phase.\necho \"SUCCESS\" > \"${SCRIPT_OUTPUT_FILE_0}\"\n";
			showEnvVarsInLog = 0;
		};
/* End PBXShellScriptBuildPhase section */

/* Begin PBXSourcesBuildPhase section */
		B4EE72C221251B5500669926 /* Sources */ = {
			isa = PBXSourcesBuildPhase;
			buildActionMask = 2147483647;
			files = (
				B4A6CBC3212A9BC500D2A7AB /* UIViewExt.swift in Sources */,
				B4A6CBC5212ADE2100D2A7AB /* FeedCell.swift in Sources */,
				B4BBB6C121295FFB00E487CF /* MeVC.swift in Sources */,
				B421B99D21314F7800ED5B43 /* GroupCell.swift in Sources */,
				B4544EC32125BC5100D7F0FC /* AuthVC.swift in Sources */,
				B45A3BA4213442EE00D7F19A /* UIViewControllerExt.swift in Sources */,
				B4EE72CE21251B5500669926 /* GroupsVC.swift in Sources */,
				B4F84DFC2131B223000855FB /* GroupFeedVC.swift in Sources */,
				B4F84DFA2131B1C2000855FB /* GroupFeedCell.swift in Sources */,
				B4544EC52125BD0900D7F0FC /* LoginVC.swift in Sources */,
				B4EE72CA21251B5500669926 /* AppDelegate.swift in Sources */,
				B4A6CBCB212F176500D2A7AB /* CreateGroupsVC.swift in Sources */,
				B4F84DF8213163A9000855FB /* Group.swift in Sources */,
				B4A6CBCD212F318B00D2A7AB /* UserCell.swift in Sources */,
				B4544EC92125C61F00D7F0FC /* ShadowView.swift in Sources */,
				B4EE72CC21251B5500669926 /* FeedVC.swift in Sources */,
				B4A6CBC7212BD92900D2A7AB /* Message.swift in Sources */,
				B4BBB6C32129EFCA00E487CF /* CreatePostVC.swift in Sources */,
				B4544EC72125BDBE00D7F0FC /* InsetTextField.swift in Sources */,
				B4544ECB2126860200D7F0FC /* AuthService.swift in Sources */,
				B4544EC1212556D300D7F0FC /* DataService.swift in Sources */,
			);
			runOnlyForDeploymentPostprocessing = 0;
		};
/* End PBXSourcesBuildPhase section */

/* Begin PBXVariantGroup section */
		B4EE72CF21251B5500669926 /* Main.storyboard */ = {
			isa = PBXVariantGroup;
			children = (
				B4EE72D021251B5500669926 /* Base */,
			);
			name = Main.storyboard;
			sourceTree = "<group>";
		};
		B4EE72D421251B5500669926 /* LaunchScreen.storyboard */ = {
			isa = PBXVariantGroup;
			children = (
				B4EE72D521251B5500669926 /* Base */,
			);
			name = LaunchScreen.storyboard;
			sourceTree = "<group>";
		};
/* End PBXVariantGroup section */

/* Begin XCBuildConfiguration section */
		B4EE72D821251B5500669926 /* Debug */ = {
			isa = XCBuildConfiguration;
			buildSettings = {
				ALWAYS_SEARCH_USER_PATHS = NO;
				CLANG_ANALYZER_NONNULL = YES;
				CLANG_ANALYZER_NUMBER_OBJECT_CONVERSION = YES_AGGRESSIVE;
				CLANG_CXX_LANGUAGE_STANDARD = "gnu++14";
				CLANG_CXX_LIBRARY = "libc++";
				CLANG_ENABLE_MODULES = YES;
				CLANG_ENABLE_OBJC_ARC = YES;
				CLANG_WARN_BLOCK_CAPTURE_AUTORELEASING = YES;
				CLANG_WARN_BOOL_CONVERSION = YES;
				CLANG_WARN_COMMA = YES;
				CLANG_WARN_CONSTANT_CONVERSION = YES;
				CLANG_WARN_DIRECT_OBJC_ISA_USAGE = YES_ERROR;
				CLANG_WARN_DOCUMENTATION_COMMENTS = YES;
				CLANG_WARN_EMPTY_BODY = YES;
				CLANG_WARN_ENUM_CONVERSION = YES;
				CLANG_WARN_INFINITE_RECURSION = YES;
				CLANG_WARN_INT_CONVERSION = YES;
				CLANG_WARN_NON_LITERAL_NULL_CONVERSION = YES;
				CLANG_WARN_OBJC_LITERAL_CONVERSION = YES;
				CLANG_WARN_OBJC_ROOT_CLASS = YES_ERROR;
				CLANG_WARN_RANGE_LOOP_ANALYSIS = YES;
				CLANG_WARN_STRICT_PROTOTYPES = YES;
				CLANG_WARN_SUSPICIOUS_MOVE = YES;
				CLANG_WARN_UNGUARDED_AVAILABILITY = YES_AGGRESSIVE;
				CLANG_WARN_UNREACHABLE_CODE = YES;
				CLANG_WARN__DUPLICATE_METHOD_MATCH = YES;
				CODE_SIGN_IDENTITY = "iPhone Developer";
				COPY_PHASE_STRIP = NO;
				DEBUG_INFORMATION_FORMAT = dwarf;
				ENABLE_STRICT_OBJC_MSGSEND = YES;
				ENABLE_TESTABILITY = YES;
				GCC_C_LANGUAGE_STANDARD = gnu11;
				GCC_DYNAMIC_NO_PIC = NO;
				GCC_NO_COMMON_BLOCKS = YES;
				GCC_OPTIMIZATION_LEVEL = 0;
				GCC_PREPROCESSOR_DEFINITIONS = (
					"DEBUG=1",
					"$(inherited)",
				);
				GCC_WARN_64_TO_32_BIT_CONVERSION = YES;
				GCC_WARN_ABOUT_RETURN_TYPE = YES_ERROR;
				GCC_WARN_UNDECLARED_SELECTOR = YES;
				GCC_WARN_UNINITIALIZED_AUTOS = YES_AGGRESSIVE;
				GCC_WARN_UNUSED_FUNCTION = YES;
				GCC_WARN_UNUSED_VARIABLE = YES;
				IPHONEOS_DEPLOYMENT_TARGET = 11.2;
				MTL_ENABLE_DEBUG_INFO = YES;
				ONLY_ACTIVE_ARCH = YES;
				SDKROOT = iphoneos;
				SWIFT_ACTIVE_COMPILATION_CONDITIONS = DEBUG;
				SWIFT_OPTIMIZATION_LEVEL = "-Onone";
			};
			name = Debug;
		};
		B4EE72D921251B5500669926 /* Release */ = {
			isa = XCBuildConfiguration;
			buildSettings = {
				ALWAYS_SEARCH_USER_PATHS = NO;
				CLANG_ANALYZER_NONNULL = YES;
				CLANG_ANALYZER_NUMBER_OBJECT_CONVERSION = YES_AGGRESSIVE;
				CLANG_CXX_LANGUAGE_STANDARD = "gnu++14";
				CLANG_CXX_LIBRARY = "libc++";
				CLANG_ENABLE_MODULES = YES;
				CLANG_ENABLE_OBJC_ARC = YES;
				CLANG_WARN_BLOCK_CAPTURE_AUTORELEASING = YES;
				CLANG_WARN_BOOL_CONVERSION = YES;
				CLANG_WARN_COMMA = YES;
				CLANG_WARN_CONSTANT_CONVERSION = YES;
				CLANG_WARN_DIRECT_OBJC_ISA_USAGE = YES_ERROR;
				CLANG_WARN_DOCUMENTATION_COMMENTS = YES;
				CLANG_WARN_EMPTY_BODY = YES;
				CLANG_WARN_ENUM_CONVERSION = YES;
				CLANG_WARN_INFINITE_RECURSION = YES;
				CLANG_WARN_INT_CONVERSION = YES;
				CLANG_WARN_NON_LITERAL_NULL_CONVERSION = YES;
				CLANG_WARN_OBJC_LITERAL_CONVERSION = YES;
				CLANG_WARN_OBJC_ROOT_CLASS = YES_ERROR;
				CLANG_WARN_RANGE_LOOP_ANALYSIS = YES;
				CLANG_WARN_STRICT_PROTOTYPES = YES;
				CLANG_WARN_SUSPICIOUS_MOVE = YES;
				CLANG_WARN_UNGUARDED_AVAILABILITY = YES_AGGRESSIVE;
				CLANG_WARN_UNREACHABLE_CODE = YES;
				CLANG_WARN__DUPLICATE_METHOD_MATCH = YES;
				CODE_SIGN_IDENTITY = "iPhone Developer";
				COPY_PHASE_STRIP = NO;
				DEBUG_INFORMATION_FORMAT = "dwarf-with-dsym";
				ENABLE_NS_ASSERTIONS = NO;
				ENABLE_STRICT_OBJC_MSGSEND = YES;
				GCC_C_LANGUAGE_STANDARD = gnu11;
				GCC_NO_COMMON_BLOCKS = YES;
				GCC_WARN_64_TO_32_BIT_CONVERSION = YES;
				GCC_WARN_ABOUT_RETURN_TYPE = YES_ERROR;
				GCC_WARN_UNDECLARED_SELECTOR = YES;
				GCC_WARN_UNINITIALIZED_AUTOS = YES_AGGRESSIVE;
				GCC_WARN_UNUSED_FUNCTION = YES;
				GCC_WARN_UNUSED_VARIABLE = YES;
				IPHONEOS_DEPLOYMENT_TARGET = 11.2;
				MTL_ENABLE_DEBUG_INFO = NO;
				SDKROOT = iphoneos;
				SWIFT_OPTIMIZATION_LEVEL = "-Owholemodule";
				VALIDATE_PRODUCT = YES;
			};
			name = Release;
		};
		B4EE72DB21251B5500669926 /* Debug */ = {
			isa = XCBuildConfiguration;
			baseConfigurationReference = 6A6A7F646FF2DC679E495AB1 /* Pods-SosyalMedya.debug.xcconfig */;
			buildSettings = {
				ASSETCATALOG_COMPILER_APPICON_NAME = AppIcon;
				CODE_SIGN_STYLE = Automatic;
				INFOPLIST_FILE = SosyalMedya/Info.plist;
				LD_RUNPATH_SEARCH_PATHS = "$(inherited) @executable_path/Frameworks";
				PRODUCT_BUNDLE_IDENTIFIER = com.rngirisim.SosyalMedya;
				PRODUCT_NAME = "$(TARGET_NAME)";
				SWIFT_VERSION = 4.0;
				TARGETED_DEVICE_FAMILY = "1,2";
			};
			name = Debug;
		};
		B4EE72DC21251B5500669926 /* Release */ = {
			isa = XCBuildConfiguration;
			baseConfigurationReference = 45A506EE9F39647D86E238F3 /* Pods-SosyalMedya.release.xcconfig */;
			buildSettings = {
				ASSETCATALOG_COMPILER_APPICON_NAME = AppIcon;
				CODE_SIGN_STYLE = Automatic;
				INFOPLIST_FILE = SosyalMedya/Info.plist;
				LD_RUNPATH_SEARCH_PATHS = "$(inherited) @executable_path/Frameworks";
				PRODUCT_BUNDLE_IDENTIFIER = com.rngirisim.SosyalMedya;
				PRODUCT_NAME = "$(TARGET_NAME)";
				SWIFT_VERSION = 4.0;
				TARGETED_DEVICE_FAMILY = "1,2";
			};
			name = Release;
		};
/* End XCBuildConfiguration section */

/* Begin XCConfigurationList section */
		B4EE72C121251B5500669926 /* Build configuration list for PBXProject "SosyalMedya" */ = {
			isa = XCConfigurationList;
			buildConfigurations = (
				B4EE72D821251B5500669926 /* Debug */,
				B4EE72D921251B5500669926 /* Release */,
			);
			defaultConfigurationIsVisible = 0;
			defaultConfigurationName = Release;
		};
		B4EE72DA21251B5500669926 /* Build configuration list for PBXNativeTarget "SosyalMedya" */ = {
			isa = XCConfigurationList;
			buildConfigurations = (
				B4EE72DB21251B5500669926 /* Debug */,
				B4EE72DC21251B5500669926 /* Release */,
			);
			defaultConfigurationIsVisible = 0;
			defaultConfigurationName = Release;
		};
/* End XCConfigurationList section */
	};
	rootObject = B4EE72BE21251B5500669926 /* Project object */;
}
